// !$*UTF8*$!
{
	archiveVersion = 1;
	classes = {
	};
	objectVersion = 50;
	objects = {

/* Begin PBXBuildFile section */
		1C81A0859E2AD54BD55736DE /* libPods-MemoryLeaks.a in Frameworks */ = {isa = PBXBuildFile; fileRef = 8BEF33CE2F02562D9C83E015 /* libPods-MemoryLeaks.a */; };
		BC1EF9C32100408A00B8FC9D /* AppDelegate.m in Sources */ = {isa = PBXBuildFile; fileRef = BC1EF9C22100408A00B8FC9D /* AppDelegate.m */; };
		BC1EF9C62100408A00B8FC9D /* ViewController.m in Sources */ = {isa = PBXBuildFile; fileRef = BC1EF9C52100408A00B8FC9D /* ViewController.m */; };
		BC1EF9C92100408A00B8FC9D /* Main.storyboard in Resources */ = {isa = PBXBuildFile; fileRef = BC1EF9C72100408A00B8FC9D /* Main.storyboard */; };
		BC1EF9CB2100408B00B8FC9D /* Assets.xcassets in Resources */ = {isa = PBXBuildFile; fileRef = BC1EF9CA2100408B00B8FC9D /* Assets.xcassets */; };
		BC1EF9CE2100408B00B8FC9D /* LaunchScreen.storyboard in Resources */ = {isa = PBXBuildFile; fileRef = BC1EF9CC2100408B00B8FC9D /* LaunchScreen.storyboard */; };
		BC1EF9D12100408B00B8FC9D /* main.m in Sources */ = {isa = PBXBuildFile; fileRef = BC1EF9D02100408B00B8FC9D /* main.m */; };
		BC1EF9FC2100784100B8FC9D /* HexColors.m in Sources */ = {isa = PBXBuildFile; fileRef = BC1EF9E02100784100B8FC9D /* HexColors.m */; };
		BC1EF9FE2100784100B8FC9D /* UIView+Frame.m in Sources */ = {isa = PBXBuildFile; fileRef = BC1EF9E42100784100B8FC9D /* UIView+Frame.m */; };
		BC1EFA002100784100B8FC9D /* CustomTableViewCell.m in Sources */ = {isa = PBXBuildFile; fileRef = BC1EF9E92100784100B8FC9D /* CustomTableViewCell.m */; };
		BC1EFA012100784100B8FC9D /* UITableView+CustomTableViewCell.m in Sources */ = {isa = PBXBuildFile; fileRef = BC1EF9EA2100784100B8FC9D /* UITableView+CustomTableViewCell.m */; };
		BC1EFA022100784100B8FC9D /* CellAdapter.m in Sources */ = {isa = PBXBuildFile; fileRef = BC1EF9EC2100784100B8FC9D /* CellAdapter.m */; };
		BC1EFA032100784100B8FC9D /* BaseViewController.m in Sources */ = {isa = PBXBuildFile; fileRef = BC1EF9F12100784100B8FC9D /* BaseViewController.m */; };
		BC1EFA042100784100B8FC9D /* BaseNavigationController.m in Sources */ = {isa = PBXBuildFile; fileRef = BC1EF9F22100784100B8FC9D /* BaseNavigationController.m */; };
		BC1EFA052100784100B8FC9D /* BaseContentViewController.m in Sources */ = {isa = PBXBuildFile; fileRef = BC1EF9F32100784100B8FC9D /* BaseContentViewController.m */; };
		BC1EFA062100784100B8FC9D /* BaseFullContentViewController.m in Sources */ = {isa = PBXBuildFile; fileRef = BC1EF9F42100784100B8FC9D /* BaseFullContentViewController.m */; };
		BC21B32621007AF8005E0CB7 /* CustomNormalViewController.m in Sources */ = {isa = PBXBuildFile; fileRef = BC21B32321007AF8005E0CB7 /* CustomNormalViewController.m */; };
		BC21B32721007AF8005E0CB7 /* CustomFullViewController.m in Sources */ = {isa = PBXBuildFile; fileRef = BC21B32521007AF8005E0CB7 /* CustomFullViewController.m */; };
		BC21B32A21007B39005E0CB7 /* MainListViewController.m in Sources */ = {isa = PBXBuildFile; fileRef = BC21B32921007B39005E0CB7 /* MainListViewController.m */; };
		BC21B32D21007B7D005E0CB7 /* Item.m in Sources */ = {isa = PBXBuildFile; fileRef = BC21B32C21007B7D005E0CB7 /* Item.m */; };
		BC21B33021007B9A005E0CB7 /* MainListCell.m in Sources */ = {isa = PBXBuildFile; fileRef = BC21B32F21007B9A005E0CB7 /* MainListCell.m */; };
		BC21B34021007C5D005E0CB7 /* TestViewController.m in Sources */ = {isa = PBXBuildFile; fileRef = BC21B33F21007C5D005E0CB7 /* TestViewController.m */; };
		BC21B34221007DB5005E0CB7 /* huakangshaonv.ttf in Resources */ = {isa = PBXBuildFile; fileRef = BC21B34121007DB5005E0CB7 /* huakangshaonv.ttf */; };
		BC21B3452100A0D7005E0CB7 /* TimerLeakViewController.m in Sources */ = {isa = PBXBuildFile; fileRef = BC21B3442100A0D7005E0CB7 /* TimerLeakViewController.m */; };
/* End PBXBuildFile section */

/* Begin PBXFileReference section */
		745DF47E385B20A8E60C1E8D /* Pods-MemoryLeaks.release.xcconfig */ = {isa = PBXFileReference; includeInIndex = 1; lastKnownFileType = text.xcconfig; name = "Pods-MemoryLeaks.release.xcconfig"; path = "Pods/Target Support Files/Pods-MemoryLeaks/Pods-MemoryLeaks.release.xcconfig"; sourceTree = "<group>"; };
		8BEF33CE2F02562D9C83E015 /* libPods-MemoryLeaks.a */ = {isa = PBXFileReference; explicitFileType = archive.ar; includeInIndex = 0; path = "libPods-MemoryLeaks.a"; sourceTree = BUILT_PRODUCTS_DIR; };
		8EDBB9E639EA7C480C8C7765 /* Pods-MemoryLeaks.debug.xcconfig */ = {isa = PBXFileReference; includeInIndex = 1; lastKnownFileType = text.xcconfig; name = "Pods-MemoryLeaks.debug.xcconfig"; path = "Pods/Target Support Files/Pods-MemoryLeaks/Pods-MemoryLeaks.debug.xcconfig"; sourceTree = "<group>"; };
		BC1EF9BE2100408A00B8FC9D /* MemoryLeaks.app */ = {isa = PBXFileReference; explicitFileType = wrapper.application; includeInIndex = 0; path = MemoryLeaks.app; sourceTree = BUILT_PRODUCTS_DIR; };
		BC1EF9C12100408A00B8FC9D /* AppDelegate.h */ = {isa = PBXFileReference; lastKnownFileType = sourcecode.c.h; path = AppDelegate.h; sourceTree = "<group>"; };
		BC1EF9C22100408A00B8FC9D /* AppDelegate.m */ = {isa = PBXFileReference; lastKnownFileType = sourcecode.c.objc; path = AppDelegate.m; sourceTree = "<group>"; };
		BC1EF9C42100408A00B8FC9D /* ViewController.h */ = {isa = PBXFileReference; lastKnownFileType = sourcecode.c.h; path = ViewController.h; sourceTree = "<group>"; };
		BC1EF9C52100408A00B8FC9D /* ViewController.m */ = {isa = PBXFileReference; lastKnownFileType = sourcecode.c.objc; path = ViewController.m; sourceTree = "<group>"; };
		BC1EF9C82100408A00B8FC9D /* Base */ = {isa = PBXFileReference; lastKnownFileType = file.storyboard; name = Base; path = Base.lproj/Main.storyboard; sourceTree = "<group>"; };
		BC1EF9CA2100408B00B8FC9D /* Assets.xcassets */ = {isa = PBXFileReference; lastKnownFileType = folder.assetcatalog; path = Assets.xcassets; sourceTree = "<group>"; };
		BC1EF9CD2100408B00B8FC9D /* Base */ = {isa = PBXFileReference; lastKnownFileType = file.storyboard; name = Base; path = Base.lproj/LaunchScreen.storyboard; sourceTree = "<group>"; };
		BC1EF9CF2100408B00B8FC9D /* Info.plist */ = {isa = PBXFileReference; lastKnownFileType = text.plist.xml; path = Info.plist; sourceTree = "<group>"; };
		BC1EF9D02100408B00B8FC9D /* main.m */ = {isa = PBXFileReference; lastKnownFileType = sourcecode.c.objc; path = main.m; sourceTree = "<group>"; };
		BC1EF9DF2100784100B8FC9D /* HexColors.h */ = {isa = PBXFileReference; fileEncoding = 4; lastKnownFileType = sourcecode.c.h; path = HexColors.h; sourceTree = "<group>"; };
		BC1EF9E02100784100B8FC9D /* HexColors.m */ = {isa = PBXFileReference; fileEncoding = 4; lastKnownFileType = sourcecode.c.objc; path = HexColors.m; sourceTree = "<group>"; };
		BC1EF9E42100784100B8FC9D /* UIView+Frame.m */ = {isa = PBXFileReference; fileEncoding = 4; lastKnownFileType = sourcecode.c.objc; path = "UIView+Frame.m"; sourceTree = "<group>"; };
		BC1EF9E62100784100B8FC9D /* UIView+Frame.h */ = {isa = PBXFileReference; fileEncoding = 4; lastKnownFileType = sourcecode.c.h; path = "UIView+Frame.h"; sourceTree = "<group>"; };
		BC1EF9E82100784100B8FC9D /* CellAdapter.h */ = {isa = PBXFileReference; fileEncoding = 4; lastKnownFileType = sourcecode.c.h; path = CellAdapter.h; sourceTree = "<group>"; };
		BC1EF9E92100784100B8FC9D /* CustomTableViewCell.m */ = {isa = PBXFileReference; fileEncoding = 4; lastKnownFileType = sourcecode.c.objc; path = CustomTableViewCell.m; sourceTree = "<group>"; };
		BC1EF9EA2100784100B8FC9D /* UITableView+CustomTableViewCell.m */ = {isa = PBXFileReference; fileEncoding = 4; lastKnownFileType = sourcecode.c.objc; path = "UITableView+CustomTableViewCell.m"; sourceTree = "<group>"; };
		BC1EF9EB2100784100B8FC9D /* CustomTableViewCell.h */ = {isa = PBXFileReference; fileEncoding = 4; lastKnownFileType = sourcecode.c.h; path = CustomTableViewCell.h; sourceTree = "<group>"; };
		BC1EF9EC2100784100B8FC9D /* CellAdapter.m */ = {isa = PBXFileReference; fileEncoding = 4; lastKnownFileType = sourcecode.c.objc; path = CellAdapter.m; sourceTree = "<group>"; };
		BC1EF9ED2100784100B8FC9D /* UITableView+CustomTableViewCell.h */ = {isa = PBXFileReference; fileEncoding = 4; lastKnownFileType = sourcecode.c.h; path = "UITableView+CustomTableViewCell.h"; sourceTree = "<group>"; };
		BC1EF9F02100784100B8FC9D /* BaseMacro.h */ = {isa = PBXFileReference; fileEncoding = 4; lastKnownFileType = sourcecode.c.h; path = BaseMacro.h; sourceTree = "<group>"; };
		BC1EF9F12100784100B8FC9D /* BaseViewController.m */ = {isa = PBXFileReference; fileEncoding = 4; lastKnownFileType = sourcecode.c.objc; path = BaseViewController.m; sourceTree = "<group>"; };
		BC1EF9F22100784100B8FC9D /* BaseNavigationController.m */ = {isa = PBXFileReference; fileEncoding = 4; lastKnownFileType = sourcecode.c.objc; path = BaseNavigationController.m; sourceTree = "<group>"; };
		BC1EF9F32100784100B8FC9D /* BaseContentViewController.m */ = {isa = PBXFileReference; fileEncoding = 4; lastKnownFileType = sourcecode.c.objc; path = BaseContentViewController.m; sourceTree = "<group>"; };
		BC1EF9F42100784100B8FC9D /* BaseFullContentViewController.m */ = {isa = PBXFileReference; fileEncoding = 4; lastKnownFileType = sourcecode.c.objc; path = BaseFullContentViewController.m; sourceTree = "<group>"; };
		BC1EF9F52100784100B8FC9D /* BaseFullContentViewController.h */ = {isa = PBXFileReference; fileEncoding = 4; lastKnownFileType = sourcecode.c.h; path = BaseFullContentViewController.h; sourceTree = "<group>"; };
		BC1EF9F62100784100B8FC9D /* BaseContentViewController.h */ = {isa = PBXFileReference; fileEncoding = 4; lastKnownFileType = sourcecode.c.h; path = BaseContentViewController.h; sourceTree = "<group>"; };
		BC1EF9F72100784100B8FC9D /* BaseNavigationController.h */ = {isa = PBXFileReference; fileEncoding = 4; lastKnownFileType = sourcecode.c.h; path = BaseNavigationController.h; sourceTree = "<group>"; };
		BC1EF9F82100784100B8FC9D /* BaseViewController.h */ = {isa = PBXFileReference; fileEncoding = 4; lastKnownFileType = sourcecode.c.h; path = BaseViewController.h; sourceTree = "<group>"; };
		BC21B31F21007A14005E0CB7 /* MemoryPrefixHeader.pch */ = {isa = PBXFileReference; lastKnownFileType = sourcecode.c.h; path = MemoryPrefixHeader.pch; sourceTree = "<group>"; };
		BC21B32221007AF8005E0CB7 /* CustomFullViewController.h */ = {isa = PBXFileReference; fileEncoding = 4; lastKnownFileType = sourcecode.c.h; path = CustomFullViewController.h; sourceTree = "<group>"; };
		BC21B32321007AF8005E0CB7 /* CustomNormalViewController.m */ = {isa = PBXFileReference; fileEncoding = 4; lastKnownFileType = sourcecode.c.objc; path = CustomNormalViewController.m; sourceTree = "<group>"; };
		BC21B32421007AF8005E0CB7 /* CustomNormalViewController.h */ = {isa = PBXFileReference; fileEncoding = 4; lastKnownFileType = sourcecode.c.h; path = CustomNormalViewController.h; sourceTree = "<group>"; };
		BC21B32521007AF8005E0CB7 /* CustomFullViewController.m */ = {isa = PBXFileReference; fileEncoding = 4; lastKnownFileType = sourcecode.c.objc; path = CustomFullViewController.m; sourceTree = "<group>"; };
		BC21B32821007B39005E0CB7 /* MainListViewController.h */ = {isa = PBXFileReference; lastKnownFileType = sourcecode.c.h; path = MainListViewController.h; sourceTree = "<group>"; };
		BC21B32921007B39005E0CB7 /* MainListViewController.m */ = {isa = PBXFileReference; lastKnownFileType = sourcecode.c.objc; path = MainListViewController.m; sourceTree = "<group>"; };
		BC21B32B21007B7D005E0CB7 /* Item.h */ = {isa = PBXFileReference; lastKnownFileType = sourcecode.c.h; path = Item.h; sourceTree = "<group>"; };
		BC21B32C21007B7D005E0CB7 /* Item.m */ = {isa = PBXFileReference; lastKnownFileType = sourcecode.c.objc; path = Item.m; sourceTree = "<group>"; };
		BC21B32E21007B9A005E0CB7 /* MainListCell.h */ = {isa = PBXFileReference; lastKnownFileType = sourcecode.c.h; path = MainListCell.h; sourceTree = "<group>"; };
		BC21B32F21007B9A005E0CB7 /* MainListCell.m */ = {isa = PBXFileReference; lastKnownFileType = sourcecode.c.objc; path = MainListCell.m; sourceTree = "<group>"; };
		BC21B33E21007C5D005E0CB7 /* TestViewController.h */ = {isa = PBXFileReference; lastKnownFileType = sourcecode.c.h; path = TestViewController.h; sourceTree = "<group>"; };
		BC21B33F21007C5D005E0CB7 /* TestViewController.m */ = {isa = PBXFileReference; lastKnownFileType = sourcecode.c.objc; path = TestViewController.m; sourceTree = "<group>"; };
		BC21B34121007DB5005E0CB7 /* huakangshaonv.ttf */ = {isa = PBXFileReference; lastKnownFileType = file; path = huakangshaonv.ttf; sourceTree = "<group>"; };
		BC21B3432100A0D7005E0CB7 /* TimerLeakViewController.h */ = {isa = PBXFileReference; lastKnownFileType = sourcecode.c.h; path = TimerLeakViewController.h; sourceTree = "<group>"; };
		BC21B3442100A0D7005E0CB7 /* TimerLeakViewController.m */ = {isa = PBXFileReference; lastKnownFileType = sourcecode.c.objc; path = TimerLeakViewController.m; sourceTree = "<group>"; };
/* End PBXFileReference section */

/* Begin PBXFrameworksBuildPhase section */
		BC1EF9BB2100408A00B8FC9D /* Frameworks */ = {
			isa = PBXFrameworksBuildPhase;
			buildActionMask = 2147483647;
			files = (
				1C81A0859E2AD54BD55736DE /* libPods-MemoryLeaks.a in Frameworks */,
			);
			runOnlyForDeploymentPostprocessing = 0;
		};
/* End PBXFrameworksBuildPhase section */

/* Begin PBXGroup section */
		430DE54AD70F3D9D9B35A58A /* Frameworks */ = {
			isa = PBXGroup;
			children = (
				8BEF33CE2F02562D9C83E015 /* libPods-MemoryLeaks.a */,
			);
			name = Frameworks;
			sourceTree = "<group>";
		};
		BC1EF9B52100408A00B8FC9D = {
			isa = PBXGroup;
			children = (
				BC1EF9C02100408A00B8FC9D /* MemoryLeaks */,
				BC1EF9BF2100408A00B8FC9D /* Products */,
				DD4C97115AF572FE2AD0F344 /* Pods */,
				430DE54AD70F3D9D9B35A58A /* Frameworks */,
			);
			sourceTree = "<group>";
		};
		BC1EF9BF2100408A00B8FC9D /* Products */ = {
			isa = PBXGroup;
			children = (
				BC1EF9BE2100408A00B8FC9D /* MemoryLeaks.app */,
			);
			name = Products;
			sourceTree = "<group>";
		};
		BC1EF9C02100408A00B8FC9D /* MemoryLeaks */ = {
			isa = PBXGroup;
			children = (
				BC1EF9C12100408A00B8FC9D /* AppDelegate.h */,
				BC1EF9C22100408A00B8FC9D /* AppDelegate.m */,
				BC21B31E21007964005E0CB7 /* Main */,
				BC21B33121007BDF005E0CB7 /* Controllers */,
				BC21B32121007AF8005E0CB7 /* CustomBaseClass */,
				BC1EF9DD2100784100B8FC9D /* UI-Component */,
				BC1EF9DB2100774400B8FC9D /* Other */,
			);
			path = MemoryLeaks;
			sourceTree = "<group>";
		};
		BC1EF9DB2100774400B8FC9D /* Other */ = {
			isa = PBXGroup;
			children = (
				BC1EF9C42100408A00B8FC9D /* ViewController.h */,
				BC1EF9C52100408A00B8FC9D /* ViewController.m */,
				BC21B31F21007A14005E0CB7 /* MemoryPrefixHeader.pch */,
				BC1EF9C72100408A00B8FC9D /* Main.storyboard */,
				BC1EF9CA2100408B00B8FC9D /* Assets.xcassets */,
				BC1EF9CC2100408B00B8FC9D /* LaunchScreen.storyboard */,
				BC1EF9CF2100408B00B8FC9D /* Info.plist */,
				BC1EF9D02100408B00B8FC9D /* main.m */,
				BC21B34121007DB5005E0CB7 /* huakangshaonv.ttf */,
			);
			name = Other;
			sourceTree = "<group>";
		};
		BC1EF9DD2100784100B8FC9D /* UI-Component */ = {
			isa = PBXGroup;
			children = (
				BC1EF9DE2100784100B8FC9D /* HexColor */,
				BC1EF9E22100784100B8FC9D /* Category */,
				BC1EF9E72100784100B8FC9D /* CustomAdapter */,
				BC1EF9EF2100784100B8FC9D /* BaseClass */,
			);
			path = "UI-Component";
			sourceTree = "<group>";
		};
		BC1EF9DE2100784100B8FC9D /* HexColor */ = {
			isa = PBXGroup;
			children = (
				BC1EF9DF2100784100B8FC9D /* HexColors.h */,
				BC1EF9E02100784100B8FC9D /* HexColors.m */,
			);
			path = HexColor;
			sourceTree = "<group>";
		};
		BC1EF9E22100784100B8FC9D /* Category */ = {
			isa = PBXGroup;
			children = (
				BC1EF9E62100784100B8FC9D /* UIView+Frame.h */,
				BC1EF9E42100784100B8FC9D /* UIView+Frame.m */,
			);
			path = Category;
			sourceTree = "<group>";
		};
		BC1EF9E72100784100B8FC9D /* CustomAdapter */ = {
			isa = PBXGroup;
			children = (
				BC1EF9EB2100784100B8FC9D /* CustomTableViewCell.h */,
				BC1EF9E92100784100B8FC9D /* CustomTableViewCell.m */,
				BC1EF9E82100784100B8FC9D /* CellAdapter.h */,
				BC1EF9EC2100784100B8FC9D /* CellAdapter.m */,
				BC1EF9ED2100784100B8FC9D /* UITableView+CustomTableViewCell.h */,
				BC1EF9EA2100784100B8FC9D /* UITableView+CustomTableViewCell.m */,
			);
			path = CustomAdapter;
			sourceTree = "<group>";
		};
		BC1EF9EF2100784100B8FC9D /* BaseClass */ = {
			isa = PBXGroup;
			children = (
				BC1EF9F02100784100B8FC9D /* BaseMacro.h */,
				BC1EF9F82100784100B8FC9D /* BaseViewController.h */,
				BC1EF9F12100784100B8FC9D /* BaseViewController.m */,
				BC1EF9F62100784100B8FC9D /* BaseContentViewController.h */,
				BC1EF9F32100784100B8FC9D /* BaseContentViewController.m */,
				BC1EF9F52100784100B8FC9D /* BaseFullContentViewController.h */,
				BC1EF9F42100784100B8FC9D /* BaseFullContentViewController.m */,
				BC1EF9F72100784100B8FC9D /* BaseNavigationController.h */,
				BC1EF9F22100784100B8FC9D /* BaseNavigationController.m */,
			);
			path = BaseClass;
			sourceTree = "<group>";
		};
		BC21B31E21007964005E0CB7 /* Main */ = {
			isa = PBXGroup;
			children = (
				BC21B32821007B39005E0CB7 /* MainListViewController.h */,
				BC21B32921007B39005E0CB7 /* MainListViewController.m */,
				BC21B32B21007B7D005E0CB7 /* Item.h */,
				BC21B32C21007B7D005E0CB7 /* Item.m */,
				BC21B32E21007B9A005E0CB7 /* MainListCell.h */,
				BC21B32F21007B9A005E0CB7 /* MainListCell.m */,
			);
			path = Main;
			sourceTree = "<group>";
		};
		BC21B32121007AF8005E0CB7 /* CustomBaseClass */ = {
			isa = PBXGroup;
			children = (
				BC21B32421007AF8005E0CB7 /* CustomNormalViewController.h */,
				BC21B32321007AF8005E0CB7 /* CustomNormalViewController.m */,
				BC21B32221007AF8005E0CB7 /* CustomFullViewController.h */,
				BC21B32521007AF8005E0CB7 /* CustomFullViewController.m */,
			);
			path = CustomBaseClass;
			sourceTree = "<group>";
		};
		BC21B33121007BDF005E0CB7 /* Controllers */ = {
			isa = PBXGroup;
			children = (
				BC21B33E21007C5D005E0CB7 /* TestViewController.h */,
				BC21B33F21007C5D005E0CB7 /* TestViewController.m */,
				BC21B3432100A0D7005E0CB7 /* TimerLeakViewController.h */,
				BC21B3442100A0D7005E0CB7 /* TimerLeakViewController.m */,
			);
			path = Controllers;
			sourceTree = "<group>";
		};
		DD4C97115AF572FE2AD0F344 /* Pods */ = {
			isa = PBXGroup;
			children = (
				8EDBB9E639EA7C480C8C7765 /* Pods-MemoryLeaks.debug.xcconfig */,
				745DF47E385B20A8E60C1E8D /* Pods-MemoryLeaks.release.xcconfig */,
			);
			name = Pods;
			sourceTree = "<group>";
		};
/* End PBXGroup section */

/* Begin PBXNativeTarget section */
		BC1EF9BD2100408A00B8FC9D /* MemoryLeaks */ = {
			isa = PBXNativeTarget;
			buildConfigurationList = BC1EF9D42100408B00B8FC9D /* Build configuration list for PBXNativeTarget "MemoryLeaks" */;
			buildPhases = (
				C56FF30249E81A4B1A24F6CA /* [CP] Check Pods Manifest.lock */,
				BC1EF9BA2100408A00B8FC9D /* Sources */,
				BC1EF9BB2100408A00B8FC9D /* Frameworks */,
				BC1EF9BC2100408A00B8FC9D /* Resources */,
			);
			buildRules = (
			);
			dependencies = (
			);
			name = MemoryLeaks;
			productName = MemoryLeaks;
			productReference = BC1EF9BE2100408A00B8FC9D /* MemoryLeaks.app */;
			productType = "com.apple.product-type.application";
		};
/* End PBXNativeTarget section */

/* Begin PBXProject section */
		BC1EF9B62100408A00B8FC9D /* Project object */ = {
			isa = PBXProject;
			attributes = {
				LastUpgradeCheck = 0930;
				ORGANIZATIONNAME = wushangkun;
				TargetAttributes = {
					BC1EF9BD2100408A00B8FC9D = {
						CreatedOnToolsVersion = 9.3;
					};
				};
			};
			buildConfigurationList = BC1EF9B92100408A00B8FC9D /* Build configuration list for PBXProject "MemoryLeaks" */;
			compatibilityVersion = "Xcode 9.3";
			developmentRegion = en;
			hasScannedForEncodings = 0;
			knownRegions = (
				en,
				Base,
			);
			mainGroup = BC1EF9B52100408A00B8FC9D;
			productRefGroup = BC1EF9BF2100408A00B8FC9D /* Products */;
			projectDirPath = "";
			projectRoot = "";
			targets = (
				BC1EF9BD2100408A00B8FC9D /* MemoryLeaks */,
			);
		};
/* End PBXProject section */

/* Begin PBXResourcesBuildPhase section */
		BC1EF9BC2100408A00B8FC9D /* Resources */ = {
			isa = PBXResourcesBuildPhase;
			buildActionMask = 2147483647;
			files = (
				BC1EF9CE2100408B00B8FC9D /* LaunchScreen.storyboard in Resources */,
				BC1EF9CB2100408B00B8FC9D /* Assets.xcassets in Resources */,
				BC1EF9C92100408A00B8FC9D /* Main.storyboard in Resources */,
				BC21B34221007DB5005E0CB7 /* huakangshaonv.ttf in Resources */,
			);
			runOnlyForDeploymentPostprocessing = 0;
		};
/* End PBXResourcesBuildPhase section */

/* Begin PBXShellScriptBuildPhase section */
		C56FF30249E81A4B1A24F6CA /* [CP] Check Pods Manifest.lock */ = {
			isa = PBXShellScriptBuildPhase;
			buildActionMask = 2147483647;
			files = (
			);
			inputPaths = (
				"${PODS_PODFILE_DIR_PATH}/Podfile.lock",
				"${PODS_ROOT}/Manifest.lock",
			);
			name = "[CP] Check Pods Manifest.lock";
			outputPaths = (
				"$(DERIVED_FILE_DIR)/Pods-MemoryLeaks-checkManifestLockResult.txt",
			);
			runOnlyForDeploymentPostprocessing = 0;
			shellPath = /bin/sh;
			shellScript = "diff \"${PODS_PODFILE_DIR_PATH}/Podfile.lock\" \"${PODS_ROOT}/Manifest.lock\" > /dev/null\nif [ $? != 0 ] ; then\n    # print error to STDERR\n    echo \"error: The sandbox is not in sync with the Podfile.lock. Run 'pod install' or update your CocoaPods installation.\" >&2\n    exit 1\nfi\n# This output is used by Xcode 'outputs' to avoid re-running this script phase.\necho \"SUCCESS\" > \"${SCRIPT_OUTPUT_FILE_0}\"\n";
			showEnvVarsInLog = 0;
		};
/* End PBXShellScriptBuildPhase section */

/* Begin PBXSourcesBuildPhase section */
		BC1EF9BA2100408A00B8FC9D /* Sources */ = {
			isa = PBXSourcesBuildPhase;
			buildActionMask = 2147483647;
			files = (
				BC21B32D21007B7D005E0CB7 /* Item.m in Sources */,
				BC21B32721007AF8005E0CB7 /* CustomFullViewController.m in Sources */,
				BC21B32621007AF8005E0CB7 /* CustomNormalViewController.m in Sources */,
				BC21B3452100A0D7005E0CB7 /* TimerLeakViewController.m in Sources */,
				BC1EFA062100784100B8FC9D /* BaseFullContentViewController.m in Sources */,
				BC1EF9FE2100784100B8FC9D /* UIView+Frame.m in Sources */,
				BC21B33021007B9A005E0CB7 /* MainListCell.m in Sources */,
				BC21B34021007C5D005E0CB7 /* TestViewController.m in Sources */,
				BC21B32A21007B39005E0CB7 /* MainListViewController.m in Sources */,
				BC1EF9C62100408A00B8FC9D /* ViewController.m in Sources */,
				BC1EFA032100784100B8FC9D /* BaseViewController.m in Sources */,
				BC1EF9FC2100784100B8FC9D /* HexColors.m in Sources */,
				BC1EF9D12100408B00B8FC9D /* main.m in Sources */,
				BC1EFA002100784100B8FC9D /* CustomTableViewCell.m in Sources */,
				BC1EFA042100784100B8FC9D /* BaseNavigationController.m in Sources */,
				BC1EFA012100784100B8FC9D /* UITableView+CustomTableViewCell.m in Sources */,
				BC1EF9C32100408A00B8FC9D /* AppDelegate.m in Sources */,
				BC1EFA052100784100B8FC9D /* BaseContentViewController.m in Sources */,
				BC1EFA022100784100B8FC9D /* CellAdapter.m in Sources */,
			);
			runOnlyForDeploymentPostprocessing = 0;
		};
/* End PBXSourcesBuildPhase section */

/* Begin PBXVariantGroup section */
		BC1EF9C72100408A00B8FC9D /* Main.storyboard */ = {
			isa = PBXVariantGroup;
			children = (
				BC1EF9C82100408A00B8FC9D /* Base */,
			);
			name = Main.storyboard;
			sourceTree = "<group>";
		};
		BC1EF9CC2100408B00B8FC9D /* LaunchScreen.storyboard */ = {
			isa = PBXVariantGroup;
			children = (
				BC1EF9CD2100408B00B8FC9D /* Base */,
			);
			name = LaunchScreen.storyboard;
			sourceTree = "<group>";
		};
/* End PBXVariantGroup section */

/* Begin XCBuildConfiguration section */
		BC1EF9D22100408B00B8FC9D /* Debug */ = {
			isa = XCBuildConfiguration;
			buildSettings = {
				ALWAYS_SEARCH_USER_PATHS = NO;
				CLANG_ANALYZER_NONNULL = YES;
				CLANG_ANALYZER_NUMBER_OBJECT_CONVERSION = YES_AGGRESSIVE;
				CLANG_CXX_LANGUAGE_STANDARD = "gnu++14";
				CLANG_CXX_LIBRARY = "libc++";
				CLANG_ENABLE_MODULES = YES;
				CLANG_ENABLE_OBJC_ARC = YES;
				CLANG_ENABLE_OBJC_WEAK = YES;
				CLANG_WARN_BLOCK_CAPTURE_AUTORELEASING = YES;
				CLANG_WARN_BOOL_CONVERSION = YES;
				CLANG_WARN_COMMA = YES;
				CLANG_WARN_CONSTANT_CONVERSION = YES;
				CLANG_WARN_DEPRECATED_OBJC_IMPLEMENTATIONS = YES;
				CLANG_WARN_DIRECT_OBJC_ISA_USAGE = YES_ERROR;
				CLANG_WARN_DOCUMENTATION_COMMENTS = YES;
				CLANG_WARN_EMPTY_BODY = YES;
				CLANG_WARN_ENUM_CONVERSION = YES;
				CLANG_WARN_INFINITE_RECURSION = YES;
				CLANG_WARN_INT_CONVERSION = YES;
				CLANG_WARN_NON_LITERAL_NULL_CONVERSION = YES;
				CLANG_WARN_OBJC_IMPLICIT_RETAIN_SELF = YES;
				CLANG_WARN_OBJC_LITERAL_CONVERSION = YES;
				CLANG_WARN_OBJC_ROOT_CLASS = YES_ERROR;
				CLANG_WARN_RANGE_LOOP_ANALYSIS = YES;
				CLANG_WARN_STRICT_PROTOTYPES = YES;
				CLANG_WARN_SUSPICIOUS_MOVE = YES;
				CLANG_WARN_UNGUARDED_AVAILABILITY = YES_AGGRESSIVE;
				CLANG_WARN_UNREACHABLE_CODE = YES;
				CLANG_WARN__DUPLICATE_METHOD_MATCH = YES;
				CODE_SIGN_IDENTITY = "iPhone Developer";
				COPY_PHASE_STRIP = NO;
				DEBUG_INFORMATION_FORMAT = dwarf;
				ENABLE_STRICT_OBJC_MSGSEND = YES;
				ENABLE_TESTABILITY = YES;
				GCC_C_LANGUAGE_STANDARD = gnu11;
				GCC_DYNAMIC_NO_PIC = NO;
				GCC_NO_COMMON_BLOCKS = YES;
				GCC_OPTIMIZATION_LEVEL = 0;
				GCC_PREPROCESSOR_DEFINITIONS = (
					"DEBUG=1",
					"$(inherited)",
				);
				GCC_WARN_64_TO_32_BIT_CONVERSION = YES;
				GCC_WARN_ABOUT_RETURN_TYPE = YES_ERROR;
				GCC_WARN_UNDECLARED_SELECTOR = YES;
				GCC_WARN_UNINITIALIZED_AUTOS = YES_AGGRESSIVE;
				GCC_WARN_UNUSED_FUNCTION = YES;
				GCC_WARN_UNUSED_VARIABLE = YES;
				IPHONEOS_DEPLOYMENT_TARGET = 11.3;
				MTL_ENABLE_DEBUG_INFO = YES;
				ONLY_ACTIVE_ARCH = YES;
				SDKROOT = iphoneos;
			};
			name = Debug;
		};
		BC1EF9D32100408B00B8FC9D /* Release */ = {
			isa = XCBuildConfiguration;
			buildSettings = {
				ALWAYS_SEARCH_USER_PATHS = NO;
				CLANG_ANALYZER_NONNULL = YES;
				CLANG_ANALYZER_NUMBER_OBJECT_CONVERSION = YES_AGGRESSIVE;
				CLANG_CXX_LANGUAGE_STANDARD = "gnu++14";
				CLANG_CXX_LIBRARY = "libc++";
				CLANG_ENABLE_MODULES = YES;
				CLANG_ENABLE_OBJC_ARC = YES;
				CLANG_ENABLE_OBJC_WEAK = YES;
				CLANG_WARN_BLOCK_CAPTURE_AUTORELEASING = YES;
				CLANG_WARN_BOOL_CONVERSION = YES;
				CLANG_WARN_COMMA = YES;
				CLANG_WARN_CONSTANT_CONVERSION = YES;
				CLANG_WARN_DEPRECATED_OBJC_IMPLEMENTATIONS = YES;
				CLANG_WARN_DIRECT_OBJC_ISA_USAGE = YES_ERROR;
				CLANG_WARN_DOCUMENTATION_COMMENTS = YES;
				CLANG_WARN_EMPTY_BODY = YES;
				CLANG_WARN_ENUM_CONVERSION = YES;
				CLANG_WARN_INFINITE_RECURSION = YES;
				CLANG_WARN_INT_CONVERSION = YES;
				CLANG_WARN_NON_LITERAL_NULL_CONVERSION = YES;
				CLANG_WARN_OBJC_IMPLICIT_RETAIN_SELF = YES;
				CLANG_WARN_OBJC_LITERAL_CONVERSION = YES;
				CLANG_WARN_OBJC_ROOT_CLASS = YES_ERROR;
				CLANG_WARN_RANGE_LOOP_ANALYSIS = YES;
				CLANG_WARN_STRICT_PROTOTYPES = YES;
				CLANG_WARN_SUSPICIOUS_MOVE = YES;
				CLANG_WARN_UNGUARDED_AVAILABILITY = YES_AGGRESSIVE;
				CLANG_WARN_UNREACHABLE_CODE = YES;
				CLANG_WARN__DUPLICATE_METHOD_MATCH = YES;
				CODE_SIGN_IDENTITY = "iPhone Developer";
				COPY_PHASE_STRIP = NO;
				DEBUG_INFORMATION_FORMAT = "dwarf-with-dsym";
				ENABLE_NS_ASSERTIONS = NO;
				ENABLE_STRICT_OBJC_MSGSEND = YES;
				GCC_C_LANGUAGE_STANDARD = gnu11;
				GCC_NO_COMMON_BLOCKS = YES;
				GCC_WARN_64_TO_32_BIT_CONVERSION = YES;
				GCC_WARN_ABOUT_RETURN_TYPE = YES_ERROR;
				GCC_WARN_UNDECLARED_SELECTOR = YES;
				GCC_WARN_UNINITIALIZED_AUTOS = YES_AGGRESSIVE;
				GCC_WARN_UNUSED_FUNCTION = YES;
				GCC_WARN_UNUSED_VARIABLE = YES;
				IPHONEOS_DEPLOYMENT_TARGET = 11.3;
				MTL_ENABLE_DEBUG_INFO = NO;
				SDKROOT = iphoneos;
				VALIDATE_PRODUCT = YES;
			};
			name = Release;
		};
		BC1EF9D52100408B00B8FC9D /* Debug */ = {
			isa = XCBuildConfiguration;
			baseConfigurationReference = 8EDBB9E639EA7C480C8C7765 /* Pods-MemoryLeaks.debug.xcconfig */;
			buildSettings = {
				ASSETCATALOG_COMPILER_APPICON_NAME = AppIcon;
				CODE_SIGN_STYLE = Manual;
				DEVELOPMENT_TEAM = H9J886PZ98;
				GCC_PRECOMPILE_PREFIX_HEADER = YES;
				GCC_PREFIX_HEADER = "$(SRCROOT)/MemoryLeaks/MemoryPrefixHeader.pch";
				INFOPLIST_FILE = MemoryLeaks/Info.plist;
				IPHONEOS_DEPLOYMENT_TARGET = 10.0;
				LD_RUNPATH_SEARCH_PATHS = (
					"$(inherited)",
					"@executable_path/Frameworks",
				);
				PRODUCT_BUNDLE_IDENTIFIER = wushangkun.MemoryLeaks;
				PRODUCT_NAME = "$(TARGET_NAME)";
				PROVISIONING_PROFILE = "99ae711a-14d8-4cbb-92b9-f5663e97a6b8";
				PROVISIONING_PROFILE_SPECIFIER = "Any App Dev";
				TARGETED_DEVICE_FAMILY = "1,2";
			};
			name = Debug;
		};
		BC1EF9D62100408B00B8FC9D /* Release */ = {
			isa = XCBuildConfiguration;
			baseConfigurationReference = 745DF47E385B20A8E60C1E8D /* Pods-MemoryLeaks.release.xcconfig */;
			buildSettings = {
				ASSETCATALOG_COMPILER_APPICON_NAME = AppIcon;
				CODE_SIGN_STYLE = Manual;
				DEVELOPMENT_TEAM = H9J886PZ98;
				GCC_PRECOMPILE_PREFIX_HEADER = YES;
				GCC_PREFIX_HEADER = "$(SRCROOT)/MemoryLeaks/MemoryPrefixHeader.pch";
				INFOPLIST_FILE = MemoryLeaks/Info.plist;
				IPHONEOS_DEPLOYMENT_TARGET = 10.0;
				LD_RUNPATH_SEARCH_PATHS = (
					"$(inherited)",
					"@executable_path/Frameworks",
				);
				PRODUCT_BUNDLE_IDENTIFIER = wushangkun.MemoryLeaks;
				PRODUCT_NAME = "$(TARGET_NAME)";
				PROVISIONING_PROFILE = "99ae711a-14d8-4cbb-92b9-f5663e97a6b8";
				PROVISIONING_PROFILE_SPECIFIER = "Any App Dev";
				TARGETED_DEVICE_FAMILY = "1,2";
			};
			name = Release;
		};
/* End XCBuildConfiguration section */

/* Begin XCConfigurationList section */
		BC1EF9B92100408A00B8FC9D /* Build configuration list for PBXProject "MemoryLeaks" */ = {
			isa = XCConfigurationList;
			buildConfigurations = (
				BC1EF9D22100408B00B8FC9D /* Debug */,
				BC1EF9D32100408B00B8FC9D /* Release */,
			);
			defaultConfigurationIsVisible = 0;
			defaultConfigurationName = Release;
		};
		BC1EF9D42100408B00B8FC9D /* Build configuration list for PBXNativeTarget "MemoryLeaks" */ = {
			isa = XCConfigurationList;
			buildConfigurations = (
				BC1EF9D52100408B00B8FC9D /* Debug */,
				BC1EF9D62100408B00B8FC9D /* Release */,
			);
			defaultConfigurationIsVisible = 0;
			defaultConfigurationName = Release;
		};
/* End XCConfigurationList section */
	};
	rootObject = BC1EF9B62100408A00B8FC9D /* Project object */;
}
